
Microsoft Visual Studio Solution File, Format Version 12.00
# Visual Studio Version 17
VisualStudioVersion = 17.13.35825.156
MinimumVisualStudioVersion = 10.0.40219.1
Project("{FAE04EC0-301F-11D3-BF4B-00C04F79EFBC}") = "Sheenam.Api", "Sheenam.Api\Sheenam.Api.csproj", "{15B206AA-707E-4E8E-B87B-1812D3EFB503}"
EndProject
Project("{FAE04EC0-301F-11D3-BF4B-00C04F79EFBC}") = "Sheenam.Api.Infrastructure.Build", "Sheenam.Api.Infrastructure.Build\Sheenam.Api.Infrastructure.Build.csproj", "{00846175-B657-43CF-B582-8CF11578FA6C}"
EndProject
Global
	GlobalSection(SolutionConfigurationPlatforms) = preSolution
		Debug|Any CPU = Debug|Any CPU
		Release|Any CPU = Release|Any CPU
	EndGlobalSection
	GlobalSection(ProjectConfigurationPlatforms) = postSolution
		{15B206AA-707E-4E8E-B87B-1812D3EFB503}.Debug|Any CPU.ActiveCfg = Debug|Any CPU
		{15B206AA-707E-4E8E-B87B-1812D3EFB503}.Debug|Any CPU.Build.0 = Debug|Any CPU
		{15B206AA-707E-4E8E-B87B-1812D3EFB503}.Release|Any CPU.ActiveCfg = Release|Any CPU
		{15B206AA-707E-4E8E-B87B-1812D3EFB503}.Release|Any CPU.Build.0 = Release|Any CPU
		{00846175-B657-43CF-B582-8CF11578FA6C}.Debug|Any CPU.ActiveCfg = Debug|Any CPU
		{00846175-B657-43CF-B582-8CF11578FA6C}.Debug|Any CPU.Build.0 = Debug|Any CPU
		{00846175-B657-43CF-B582-8CF11578FA6C}.Release|Any CPU.ActiveCfg = Release|Any CPU
		{00846175-B657-43CF-B582-8CF11578FA6C}.Release|Any CPU.Build.0 = Release|Any CPU
	EndGlobalSection
	GlobalSection(SolutionProperties) = preSolution
		HideSolutionNode = FALSE
	EndGlobalSection
	GlobalSection(ExtensibilityGlobals) = postSolution
		SolutionGuid = {E4A939C4-A075-4EEF-9FD1-D743638702DC}
	EndGlobalSection
EndGlobal
